// !$*UTF8*$!
{
	archiveVersion = 1;
	classes = {
	};
	objectVersion = 46;
	objects = {

/* Begin PBXBuildFile section */
		4CC5156E1EC4153000028B1D /* AppDelegate.swift in Sources */ = {isa = PBXBuildFile; fileRef = 4CC5156D1EC4153000028B1D /* AppDelegate.swift */; };
		4CC515701EC4153000028B1D /* ViewController.swift in Sources */ = {isa = PBXBuildFile; fileRef = 4CC5156F1EC4153000028B1D /* ViewController.swift */; };
		4CC515731EC4153000028B1D /* Main.storyboard in Resources */ = {isa = PBXBuildFile; fileRef = 4CC515711EC4153000028B1D /* Main.storyboard */; };
		4CC515751EC4153000028B1D /* Assets.xcassets in Resources */ = {isa = PBXBuildFile; fileRef = 4CC515741EC4153000028B1D /* Assets.xcassets */; };
		4CC515781EC4153000028B1D /* LaunchScreen.storyboard in Resources */ = {isa = PBXBuildFile; fileRef = 4CC515761EC4153000028B1D /* LaunchScreen.storyboard */; };
/* End PBXBuildFile section */

/* Begin PBXFileReference section */
		4CC5156A1EC4153000028B1D /* NetworkAPICall.app */ = {isa = PBXFileReference; explicitFileType = wrapper.application; includeInIndex = 0; path = NetworkAPICall.app; sourceTree = BUILT_PRODUCTS_DIR; };
		4CC5156D1EC4153000028B1D /* AppDelegate.swift */ = {isa = PBXFileReference; lastKnownFileType = sourcecode.swift; path = AppDelegate.swift; sourceTree = "<group>"; };
		4CC5156F1EC4153000028B1D /* ViewController.swift */ = {isa = PBXFileReference; lastKnownFileType = sourcecode.swift; path = ViewController.swift; sourceTree = "<group>"; };
		4CC515721EC4153000028B1D /* Base */ = {isa = PBXFileReference; lastKnownFileType = file.storyboard; name = Base; path = Base.lproj/Main.storyboard; sourceTree = "<group>"; };
		4CC515741EC4153000028B1D /* Assets.xcassets */ = {isa = PBXFileReference; lastKnownFileType = folder.assetcatalog; path = Assets.xcassets; sourceTree = "<group>"; };
		4CC515771EC4153000028B1D /* Base */ = {isa = PBXFileReference; lastKnownFileType = file.storyboard; name = Base; path = Base.lproj/LaunchScreen.storyboard; sourceTree = "<group>"; };
		4CC515791EC4153000028B1D /* Info.plist */ = {isa = PBXFileReference; lastKnownFileType = text.plist.xml; path = Info.plist; sourceTree = "<group>"; };
/* End PBXFileReference section */

/* Begin PBXFrameworksBuildPhase section */
		4CC515671EC4153000028B1D /* Frameworks */ = {
			isa = PBXFrameworksBuildPhase;
			buildActionMask = 2147483647;
			files = (
			);
			runOnlyForDeploymentPostprocessing = 0;
		};
/* End PBXFrameworksBuildPhase section */

/* Begin PBXGroup section */
		4CC515611EC4153000028B1D = {
			isa = PBXGroup;
			children = (
				4CC5156C1EC4153000028B1D /* NetworkAPICall */,
				4CC5156B1EC4153000028B1D /* Products */,
			);
			sourceTree = "<group>";
		};
		4CC5156B1EC4153000028B1D /* Products */ = {
			isa = PBXGroup;
			children = (
				4CC5156A1EC4153000028B1D /* NetworkAPICall.app */,
			);
			name = Products;
			sourceTree = "<group>";
		};
		4CC5156C1EC4153000028B1D /* NetworkAPICall */ = {
			isa = PBXGroup;
			children = (
				4CC5156D1EC4153000028B1D /* AppDelegate.swift */,
				4CC5156F1EC4153000028B1D /* ViewController.swift */,
				4CC515711EC4153000028B1D /* Main.storyboard */,
				4CC515741EC4153000028B1D /* Assets.xcassets */,
				4CC515761EC4153000028B1D /* LaunchScreen.storyboard */,
				4CC515791EC4153000028B1D /* Info.plist */,
			);
			path = NetworkAPICall;
			sourceTree = "<group>";
		};
/* End PBXGroup section */

/* Begin PBXNativeTarget section */
		4CC515691EC4153000028B1D /* NetworkAPICall */ = {
			isa = PBXNativeTarget;
			buildConfigurationList = 4CC5157C1EC4153000028B1D /* Build configuration list for PBXNativeTarget "NetworkAPICall" */;
			buildPhases = (
				4CC515661EC4153000028B1D /* Sources */,
				4CC515671EC4153000028B1D /* Frameworks */,
				4CC515681EC4153000028B1D /* Resources */,
			);
			buildRules = (
			);
			dependencies = (
			);
			name = NetworkAPICall;
			productName = NetworkAPICall;
			productReference = 4CC5156A1EC4153000028B1D /* NetworkAPICall.app */;
			productType = "com.apple.product-type.application";
		};
/* End PBXNativeTarget section */

/* Begin PBXProject section */
		4CC515621EC4153000028B1D /* Project object */ = {
			isa = PBXProject;
			attributes = {
				LastSwiftUpdateCheck = 0830;
				LastUpgradeCheck = 0830;
				ORGANIZATIONNAME = iFlame;
				TargetAttributes = {
					4CC515691EC4153000028B1D = {
						CreatedOnToolsVersion = 8.3;
						ProvisioningStyle = Automatic;
					};
				};
			};
			buildConfigurationList = 4CC515651EC4153000028B1D /* Build configuration list for PBXProject "NetworkAPICall" */;
			compatibilityVersion = "Xcode 3.2";
			developmentRegion = English;
			hasScannedForEncodings = 0;
			knownRegions = (
				en,
				Base,
			);
			mainGroup = 4CC515611EC4153000028B1D;
			productRefGroup = 4CC5156B1EC4153000028B1D /* Products */;
			projectDirPath = "";
			projectRoot = "";
			targets = (
				4CC515691EC4153000028B1D /* NetworkAPICall */,
			);
		};
/* End PBXProject section */

/* Begin PBXResourcesBuildPhase section */
		4CC515681EC4153000028B1D /* Resources */ = {
			isa = PBXResourcesBuildPhase;
			buildActionMask = 2147483647;
			files = (
				4CC515781EC4153000028B1D /* LaunchScreen.storyboard in Resources */,
				4CC515751EC4153000028B1D /* Assets.xcassets in Resources */,
				4CC515731EC4153000028B1D /* Main.storyboard in Resources */,
			);
			runOnlyForDeploymentPostprocessing = 0;
		};
/* End PBXResourcesBuildPhase section */

/* Begin PBXSourcesBuildPhase section */
		4CC515661EC4153000028B1D /* Sources */ = {
			isa = PBXSourcesBuildPhase;
			buildActionMask = 2147483647;
			files = (
				4CC515701EC4153000028B1D /* ViewController.swift in Sources */,
				4CC5156E1EC4153000028B1D /* AppDelegate.swift in Sources */,
			);
			runOnlyForDeploymentPostprocessing = 0;
		};
/* End PBXSourcesBuildPhase section */

/* Begin PBXVariantGroup section */
		4CC515711EC4153000028B1D /* Main.storyboard */ = {
			isa = PBXVariantGroup;
			children = (
				4CC515721EC4153000028B1D /* Base */,
			);
			name = Main.storyboard;
			sourceTree = "<group>";
		};
		4CC515761EC4153000028B1D /* LaunchScreen.storyboard */ = {
			isa = PBXVariantGroup;
			children = (
				4CC515771EC4153000028B1D /* Base */,
			);
			name = LaunchScreen.storyboard;
			sourceTree = "<group>";
		};
/* End PBXVariantGroup section */

/* Begin XCBuildConfiguration section */
		4CC5157A1EC4153000028B1D /* Debug */ = {
			isa = XCBuildConfiguration;
			buildSettings = {
				ALWAYS_SEARCH_USER_PATHS = NO;
				CLANG_ANALYZER_NONNULL = YES;
				CLANG_ANALYZER_NUMBER_OBJECT_CONVERSION = YES_AGGRESSIVE;
				CLANG_CXX_LANGUAGE_STANDARD = "gnu++0x";
				CLANG_CXX_LIBRARY = "libc++";
				CLANG_ENABLE_MODULES = YES;
				CLANG_ENABLE_OBJC_ARC = YES;
				CLANG_WARN_BOOL_CONVERSION = YES;
				CLANG_WARN_CONSTANT_CONVERSION = YES;
				CLANG_WARN_DIRECT_OBJC_ISA_USAGE = YES_ERROR;
				CLANG_WARN_DOCUMENTATION_COMMENTS = YES;
				CLANG_WARN_EMPTY_BODY = YES;
				CLANG_WARN_ENUM_CONVERSION = YES;
				CLANG_WARN_INFINITE_RECURSION = YES;
				CLANG_WARN_INT_CONVERSION = YES;
				CLANG_WARN_OBJC_ROOT_CLASS = YES_ERROR;
				CLANG_WARN_SUSPICIOUS_MOVE = YES;
				CLANG_WARN_UNREACHABLE_CODE = YES;
				CLANG_WARN__DUPLICATE_METHOD_MATCH = YES;
				"CODE_SIGN_IDENTITY[sdk=iphoneos*]" = "iPhone Developer";
				COPY_PHASE_STRIP = NO;
				DEBUG_INFORMATION_FORMAT = dwarf;
				ENABLE_STRICT_OBJC_MSGSEND = YES;
				ENABLE_TESTABILITY = YES;
				GCC_C_LANGUAGE_STANDARD = gnu99;
				GCC_DYNAMIC_NO_PIC = NO;
				GCC_NO_COMMON_BLOCKS = YES;
				GCC_OPTIMIZATION_LEVEL = 0;
				GCC_PREPROCESSOR_DEFINITIONS = (
					"DEBUG=1",
					"$(inherited)",
				);
				GCC_WARN_64_TO_32_BIT_CONVERSION = YES;
				GCC_WARN_ABOUT_RETURN_TYPE = YES_ERROR;
				GCC_WARN_UNDECLARED_SELECTOR = YES;
				GCC_WARN_UNINITIALIZED_AUTOS = YES_AGGRESSIVE;
				GCC_WARN_UNUSED_FUNCTION = YES;
				GCC_WARN_UNUSED_VARIABLE = YES;
				IPHONEOS_DEPLOYMENT_TARGET = 10.3;
				MTL_ENABLE_DEBUG_INFO = YES;
				ONLY_ACTIVE_ARCH = YES;
				SDKROOT = iphoneos;
				SWIFT_ACTIVE_COMPILATION_CONDITIONS = DEBUG;
				SWIFT_OPTIMIZATION_LEVEL = "-Onone";
			};
			name = Debug;
		};
		4CC5157B1EC4153000028B1D /* Release */ = {
			isa = XCBuildConfiguration;
			buildSettings = {
				ALWAYS_SEARCH_USER_PATHS = NO;
				CLANG_ANALYZER_NONNULL = YES;
				CLANG_ANALYZER_NUMBER_OBJECT_CONVERSION = YES_AGGRESSIVE;
				CLANG_CXX_LANGUAGE_STANDARD = "gnu++0x";
				CLANG_CXX_LIBRARY = "libc++";
				CLANG_ENABLE_MODULES = YES;
				CLANG_ENABLE_OBJC_ARC = YES;
				CLANG_WARN_BOOL_CONVERSION = YES;
				CLANG_WARN_CONSTANT_CONVERSION = YES;
				CLANG_WARN_DIRECT_OBJC_ISA_USAGE = YES_ERROR;
				CLANG_WARN_DOCUMENTATION_COMMENTS = YES;
				CLANG_WARN_EMPTY_BODY = YES;
				CLANG_WARN_ENUM_CONVERSION = YES;
				CLANG_WARN_INFINITE_RECURSION = YES;
				CLANG_WARN_INT_CONVERSION = YES;
				CLANG_WARN_OBJC_ROOT_CLASS = YES_ERROR;
				CLANG_WARN_SUSPICIOUS_MOVE = YES;
				CLANG_WARN_UNREACHABLE_CODE = YES;
				CLANG_WARN__DUPLICATE_METHOD_MATCH = YES;
				"CODE_SIGN_IDENTITY[sdk=iphoneos*]" = "iPhone Developer";
				COPY_PHASE_STRIP = NO;
				DEBUG_INFORMATION_FORMAT = "dwarf-with-dsym";
				ENABLE_NS_ASSERTIONS = NO;
				ENABLE_STRICT_OBJC_MSGSEND = YES;
				GCC_C_LANGUAGE_STANDARD = gnu99;
				GCC_NO_COMMON_BLOCKS = YES;
				GCC_WARN_64_TO_32_BIT_CONVERSION = YES;
				GCC_WARN_ABOUT_RETURN_TYPE = YES_ERROR;
				GCC_WARN_UNDECLARED_SELECTOR = YES;
				GCC_WARN_UNINITIALIZED_AUTOS = YES_AGGRESSIVE;
				GCC_WARN_UNUSED_FUNCTION = YES;
				GCC_WARN_UNUSED_VARIABLE = YES;
				IPHONEOS_DEPLOYMENT_TARGET = 10.3;
				MTL_ENABLE_DEBUG_INFO = NO;
				SDKROOT = iphoneos;
				SWIFT_OPTIMIZATION_LEVEL = "-Owholemodule";
				VALIDATE_PRODUCT = YES;
			};
			name = Release;
		};
		4CC5157D1EC4153000028B1D /* Debug */ = {
			isa = XCBuildConfiguration;
			buildSettings = {
				ASSETCATALOG_COMPILER_APPICON_NAME = AppIcon;
				INFOPLIST_FILE = NetworkAPICall/Info.plist;
				LD_RUNPATH_SEARCH_PATHS = "$(inherited) @executable_path/Frameworks";
				PRODUCT_BUNDLE_IDENTIFIER = com.iFlame.NetworkAPICall;
				PRODUCT_NAME = "$(TARGET_NAME)";
				SWIFT_VERSION = 3.0;
			};
			name = Debug;
		};
		4CC5157E1EC4153000028B1D /* Release */ = {
			isa = XCBuildConfiguration;
			buildSettings = {
				ASSETCATALOG_COMPILER_APPICON_NAME = AppIcon;
				INFOPLIST_FILE = NetworkAPICall/Info.plist;
				LD_RUNPATH_SEARCH_PATHS = "$(inherited) @executable_path/Frameworks";
				PRODUCT_BUNDLE_IDENTIFIER = com.iFlame.NetworkAPICall;
				PRODUCT_NAME = "$(TARGET_NAME)";
				SWIFT_VERSION = 3.0;
			};
			name = Release;
		};
/* End XCBuildConfiguration section */

/* Begin XCConfigurationList section */
		4CC515651EC4153000028B1D /* Build configuration list for PBXProject "NetworkAPICall" */ = {
			isa = XCConfigurationList;
			buildConfigurations = (
				4CC5157A1EC4153000028B1D /* Debug */,
				4CC5157B1EC4153000028B1D /* Release */,
			);
			defaultConfigurationIsVisible = 0;
			defaultConfigurationName = Release;
		};
		4CC5157C1EC4153000028B1D /* Build configuration list for PBXNativeTarget "NetworkAPICall" */ = {
			isa = XCConfigurationList;
			buildConfigurations = (
				4CC5157D1EC4153000028B1D /* Debug */,
				4CC5157E1EC4153000028B1D /* Release */,
			);
			defaultConfigurationIsVisible = 0;
		};
/* End XCConfigurationList section */
	};
	rootObject = 4CC515621EC4153000028B1D /* Project object */;
}
